// !$*UTF8*$!
{
	archiveVersion = 1;
	classes = {
	};
	objectVersion = 50;
	objects = {

/* Begin PBXBuildFile section */
		702858AF26E493C100C94FDC /* HistoryListVC.swift in Sources */ = {isa = PBXBuildFile; fileRef = 702858AE26E493C100C94FDC /* HistoryListVC.swift */; };
		702858B226E4953700C94FDC /* Constants.swift in Sources */ = {isa = PBXBuildFile; fileRef = 702858B126E4953700C94FDC /* Constants.swift */; };
		702858B426E495A000C94FDC /* UIView+Ext.swift in Sources */ = {isa = PBXBuildFile; fileRef = 702858B326E495A000C94FDC /* UIView+Ext.swift */; };
		702858B726E4976C00C94FDC /* HTableViewCell.swift in Sources */ = {isa = PBXBuildFile; fileRef = 702858B626E4976C00C94FDC /* HTableViewCell.swift */; };
		703FD57E26E49CFD0077C764 /* AlertService.swift in Sources */ = {isa = PBXBuildFile; fileRef = 703FD57D26E49CFD0077C764 /* AlertService.swift */; };
		70B36BEF26E9362300BD55E3 /* UITableView+Ext.swift in Sources */ = {isa = PBXBuildFile; fileRef = 70B36BEE26E9362300BD55E3 /* UITableView+Ext.swift */; };
		70B36BF226E936C200BD55E3 /* HistoryModel.swift in Sources */ = {isa = PBXBuildFile; fileRef = 70B36BF126E936C200BD55E3 /* HistoryModel.swift */; };
		70B36BF526E9370000BD55E3 /* HTTPMethod.swift in Sources */ = {isa = PBXBuildFile; fileRef = 70B36BF426E9370000BD55E3 /* HTTPMethod.swift */; };
		70B36BF726E9372E00BD55E3 /* HTTPStatus.swift in Sources */ = {isa = PBXBuildFile; fileRef = 70B36BF626E9372E00BD55E3 /* HTTPStatus.swift */; };
		70B36BFA26E9376B00BD55E3 /* HistoryError.swift in Sources */ = {isa = PBXBuildFile; fileRef = 70B36BF926E9376B00BD55E3 /* HistoryError.swift */; };
		70B36BFF26E9383800BD55E3 /* RouterProtocol.swift in Sources */ = {isa = PBXBuildFile; fileRef = 70B36BFE26E9383800BD55E3 /* RouterProtocol.swift */; };
		70B36C0126E9389400BD55E3 /* HTTPHeader.swift in Sources */ = {isa = PBXBuildFile; fileRef = 70B36C0026E9389400BD55E3 /* HTTPHeader.swift */; };
		70B36C0326E9399E00BD55E3 /* ParameterEncoding.swift in Sources */ = {isa = PBXBuildFile; fileRef = 70B36C0226E9399E00BD55E3 /* ParameterEncoding.swift */; };
		70B36C0626E939E400BD55E3 /* ServiceClientProtocol.swift in Sources */ = {isa = PBXBuildFile; fileRef = 70B36C0526E939E400BD55E3 /* ServiceClientProtocol.swift */; };
		70B36C0826E93B3C00BD55E3 /* NetworkLog.swift in Sources */ = {isa = PBXBuildFile; fileRef = 70B36C0726E93B3C00BD55E3 /* NetworkLog.swift */; };
		70B36C0B26E93C7600BD55E3 /* DateService.swift in Sources */ = {isa = PBXBuildFile; fileRef = 70B36C0A26E93C7600BD55E3 /* DateService.swift */; };
		70B36C0E26E93DA000BD55E3 /* ServiceClient.swift in Sources */ = {isa = PBXBuildFile; fileRef = 70B36C0D26E93DA000BD55E3 /* ServiceClient.swift */; };
		70D0BC7826E3F14000897726 /* UIColor+Ext.swift in Sources */ = {isa = PBXBuildFile; fileRef = 70D0BC7726E3F14000897726 /* UIColor+Ext.swift */; };
		70E4F8A426E3F05500097325 /* AppDelegate.swift in Sources */ = {isa = PBXBuildFile; fileRef = 70E4F8A326E3F05500097325 /* AppDelegate.swift */; };
		70E4F8A626E3F05500097325 /* SceneDelegate.swift in Sources */ = {isa = PBXBuildFile; fileRef = 70E4F8A526E3F05500097325 /* SceneDelegate.swift */; };
		70E4F8AE26E3F05500097325 /* HistoriX.xcdatamodeld in Sources */ = {isa = PBXBuildFile; fileRef = 70E4F8AC26E3F05500097325 /* HistoriX.xcdatamodeld */; };
		70E4F8B026E3F05500097325 /* Assets.xcassets in Resources */ = {isa = PBXBuildFile; fileRef = 70E4F8AF26E3F05500097325 /* Assets.xcassets */; };
		70E4F8B326E3F05500097325 /* LaunchScreen.storyboard in Resources */ = {isa = PBXBuildFile; fileRef = 70E4F8B126E3F05500097325 /* LaunchScreen.storyboard */; };
/* End PBXBuildFile section */

/* Begin PBXFileReference section */
		702858AE26E493C100C94FDC /* HistoryListVC.swift */ = {isa = PBXFileReference; lastKnownFileType = sourcecode.swift; path = HistoryListVC.swift; sourceTree = "<group>"; };
		702858B126E4953700C94FDC /* Constants.swift */ = {isa = PBXFileReference; lastKnownFileType = sourcecode.swift; path = Constants.swift; sourceTree = "<group>"; };
		702858B326E495A000C94FDC /* UIView+Ext.swift */ = {isa = PBXFileReference; lastKnownFileType = sourcecode.swift; path = "UIView+Ext.swift"; sourceTree = "<group>"; };
		702858B626E4976C00C94FDC /* HTableViewCell.swift */ = {isa = PBXFileReference; lastKnownFileType = sourcecode.swift; path = HTableViewCell.swift; sourceTree = "<group>"; };
		703FD57D26E49CFD0077C764 /* AlertService.swift */ = {isa = PBXFileReference; lastKnownFileType = sourcecode.swift; path = AlertService.swift; sourceTree = "<group>"; };
		70B36BEE26E9362300BD55E3 /* UITableView+Ext.swift */ = {isa = PBXFileReference; lastKnownFileType = sourcecode.swift; path = "UITableView+Ext.swift"; sourceTree = "<group>"; };
		70B36BF126E936C200BD55E3 /* HistoryModel.swift */ = {isa = PBXFileReference; lastKnownFileType = sourcecode.swift; path = HistoryModel.swift; sourceTree = "<group>"; };
		70B36BF426E9370000BD55E3 /* HTTPMethod.swift */ = {isa = PBXFileReference; lastKnownFileType = sourcecode.swift; path = HTTPMethod.swift; sourceTree = "<group>"; };
		70B36BF626E9372E00BD55E3 /* HTTPStatus.swift */ = {isa = PBXFileReference; lastKnownFileType = sourcecode.swift; path = HTTPStatus.swift; sourceTree = "<group>"; };
		70B36BF926E9376B00BD55E3 /* HistoryError.swift */ = {isa = PBXFileReference; lastKnownFileType = sourcecode.swift; path = HistoryError.swift; sourceTree = "<group>"; };
		70B36BFE26E9383800BD55E3 /* RouterProtocol.swift */ = {isa = PBXFileReference; lastKnownFileType = sourcecode.swift; path = RouterProtocol.swift; sourceTree = "<group>"; };
		70B36C0026E9389400BD55E3 /* HTTPHeader.swift */ = {isa = PBXFileReference; lastKnownFileType = sourcecode.swift; path = HTTPHeader.swift; sourceTree = "<group>"; };
		70B36C0226E9399E00BD55E3 /* ParameterEncoding.swift */ = {isa = PBXFileReference; lastKnownFileType = sourcecode.swift; path = ParameterEncoding.swift; sourceTree = "<group>"; };
		70B36C0526E939E400BD55E3 /* ServiceClientProtocol.swift */ = {isa = PBXFileReference; lastKnownFileType = sourcecode.swift; path = ServiceClientProtocol.swift; sourceTree = "<group>"; };
		70B36C0726E93B3C00BD55E3 /* NetworkLog.swift */ = {isa = PBXFileReference; lastKnownFileType = sourcecode.swift; path = NetworkLog.swift; sourceTree = "<group>"; };
		70B36C0A26E93C7600BD55E3 /* DateService.swift */ = {isa = PBXFileReference; lastKnownFileType = sourcecode.swift; path = DateService.swift; sourceTree = "<group>"; };
		70B36C0D26E93DA000BD55E3 /* ServiceClient.swift */ = {isa = PBXFileReference; lastKnownFileType = sourcecode.swift; path = ServiceClient.swift; sourceTree = "<group>"; };
		70D0BC7726E3F14000897726 /* UIColor+Ext.swift */ = {isa = PBXFileReference; lastKnownFileType = sourcecode.swift; path = "UIColor+Ext.swift"; sourceTree = "<group>"; };
		70E4F8A026E3F05500097325 /* HistoriX.app */ = {isa = PBXFileReference; explicitFileType = wrapper.application; includeInIndex = 0; path = HistoriX.app; sourceTree = BUILT_PRODUCTS_DIR; };
		70E4F8A326E3F05500097325 /* AppDelegate.swift */ = {isa = PBXFileReference; lastKnownFileType = sourcecode.swift; path = AppDelegate.swift; sourceTree = "<group>"; };
		70E4F8A526E3F05500097325 /* SceneDelegate.swift */ = {isa = PBXFileReference; lastKnownFileType = sourcecode.swift; path = SceneDelegate.swift; sourceTree = "<group>"; };
		70E4F8AD26E3F05500097325 /* HistoriX.xcdatamodel */ = {isa = PBXFileReference; lastKnownFileType = wrapper.xcdatamodel; path = HistoriX.xcdatamodel; sourceTree = "<group>"; };
		70E4F8AF26E3F05500097325 /* Assets.xcassets */ = {isa = PBXFileReference; lastKnownFileType = folder.assetcatalog; path = Assets.xcassets; sourceTree = "<group>"; };
		70E4F8B226E3F05500097325 /* Base */ = {isa = PBXFileReference; lastKnownFileType = file.storyboard; name = Base; path = Base.lproj/LaunchScreen.storyboard; sourceTree = "<group>"; };
		70E4F8B426E3F05500097325 /* Info.plist */ = {isa = PBXFileReference; lastKnownFileType = text.plist.xml; path = Info.plist; sourceTree = "<group>"; };
/* End PBXFileReference section */

/* Begin PBXFrameworksBuildPhase section */
		70E4F89D26E3F05500097325 /* Frameworks */ = {
			isa = PBXFrameworksBuildPhase;
			buildActionMask = 2147483647;
			files = (
			);
			runOnlyForDeploymentPostprocessing = 0;
		};
/* End PBXFrameworksBuildPhase section */

/* Begin PBXGroup section */
		702858B026E4952C00C94FDC /* Support */ = {
			isa = PBXGroup;
			children = (
				70B36C0926E93C1900BD55E3 /* Date */,
				702858B126E4953700C94FDC /* Constants.swift */,
				703FD57D26E49CFD0077C764 /* AlertService.swift */,
			);
			path = Support;
			sourceTree = "<group>";
		};
		702858B526E4974800C94FDC /* HistoryCell */ = {
			isa = PBXGroup;
			children = (
				702858B626E4976C00C94FDC /* HTableViewCell.swift */,
			);
			path = HistoryCell;
			sourceTree = "<group>";
		};
		70B36BED26E9346500BD55E3 /* Network */ = {
			isa = PBXGroup;
			children = (
				70B36C0C26E93D9200BD55E3 /* Service */,
				70B36BFC26E9382800BD55E3 /* Protocols */,
				70B36BF826E9375800BD55E3 /* Errors */,
				70B36BF326E936E400BD55E3 /* HTTP */,
				70B36BF026E936B700BD55E3 /* Model */,
				70B36C0226E9399E00BD55E3 /* ParameterEncoding.swift */,
				70B36C0726E93B3C00BD55E3 /* NetworkLog.swift */,
			);
			path = Network;
			sourceTree = "<group>";
		};
		70B36BF026E936B700BD55E3 /* Model */ = {
			isa = PBXGroup;
			children = (
				70B36BF126E936C200BD55E3 /* HistoryModel.swift */,
			);
			path = Model;
			sourceTree = "<group>";
		};
		70B36BF326E936E400BD55E3 /* HTTP */ = {
			isa = PBXGroup;
			children = (
				70B36BF426E9370000BD55E3 /* HTTPMethod.swift */,
				70B36BF626E9372E00BD55E3 /* HTTPStatus.swift */,
				70B36C0026E9389400BD55E3 /* HTTPHeader.swift */,
			);
			path = HTTP;
			sourceTree = "<group>";
		};
		70B36BF826E9375800BD55E3 /* Errors */ = {
			isa = PBXGroup;
			children = (
				70B36BF926E9376B00BD55E3 /* HistoryError.swift */,
			);
			path = Errors;
			sourceTree = "<group>";
		};
		70B36BFC26E9382800BD55E3 /* Protocols */ = {
			isa = PBXGroup;
			children = (
				70B36C0426E939D100BD55E3 /* Client */,
				70B36BFD26E9382E00BD55E3 /* Router */,
			);
			path = Protocols;
			sourceTree = "<group>";
		};
		70B36BFD26E9382E00BD55E3 /* Router */ = {
			isa = PBXGroup;
			children = (
				70B36BFE26E9383800BD55E3 /* RouterProtocol.swift */,
			);
			path = Router;
			sourceTree = "<group>";
		};
		70B36C0426E939D100BD55E3 /* Client */ = {
			isa = PBXGroup;
			children = (
				70B36C0526E939E400BD55E3 /* ServiceClientProtocol.swift */,
			);
			path = Client;
			sourceTree = "<group>";
		};
		70B36C0926E93C1900BD55E3 /* Date */ = {
			isa = PBXGroup;
			children = (
				70B36C0A26E93C7600BD55E3 /* DateService.swift */,
			);
			path = Date;
			sourceTree = "<group>";
		};
		70B36C0C26E93D9200BD55E3 /* Service */ = {
			isa = PBXGroup;
			children = (
				70B36C0D26E93DA000BD55E3 /* ServiceClient.swift */,
			);
			path = Service;
			sourceTree = "<group>";
		};
		70D0BC7426E3F10900897726 /* Application */ = {
			isa = PBXGroup;
			children = (
				70E4F8A326E3F05500097325 /* AppDelegate.swift */,
				70E4F8A526E3F05500097325 /* SceneDelegate.swift */,
			);
			path = Application;
			sourceTree = "<group>";
		};
		70D0BC7626E3F12E00897726 /* Extensions */ = {
			isa = PBXGroup;
			children = (
				70D0BC7726E3F14000897726 /* UIColor+Ext.swift */,
				702858B326E495A000C94FDC /* UIView+Ext.swift */,
				70B36BEE26E9362300BD55E3 /* UITableView+Ext.swift */,
			);
			path = Extensions;
			sourceTree = "<group>";
		};
		70D0BC7926E3F1B700897726 /* CustomViews */ = {
			isa = PBXGroup;
			children = (
				702858B526E4974800C94FDC /* HistoryCell */,
				70D0BC7A26E3F1C200897726 /* ViewControllers */,
			);
			path = CustomViews;
			sourceTree = "<group>";
		};
		70D0BC7A26E3F1C200897726 /* ViewControllers */ = {
			isa = PBXGroup;
			children = (
				702858AE26E493C100C94FDC /* HistoryListVC.swift */,
			);
			path = ViewControllers;
			sourceTree = "<group>";
		};
		70E4F89726E3F05500097325 = {
			isa = PBXGroup;
			children = (
				70E4F8A226E3F05500097325 /* HistoriX */,
				70E4F8A126E3F05500097325 /* Products */,
			);
			sourceTree = "<group>";
		};
		70E4F8A126E3F05500097325 /* Products */ = {
			isa = PBXGroup;
			children = (
				70E4F8A026E3F05500097325 /* HistoriX.app */,
			);
			name = Products;
			sourceTree = "<group>";
		};
		70E4F8A226E3F05500097325 /* HistoriX */ = {
			isa = PBXGroup;
			children = (
				70B36BED26E9346500BD55E3 /* Network */,
				702858B026E4952C00C94FDC /* Support */,
				70D0BC7926E3F1B700897726 /* CustomViews */,
				70D0BC7426E3F10900897726 /* Application */,
				70D0BC7626E3F12E00897726 /* Extensions */,
				70E4F8AF26E3F05500097325 /* Assets.xcassets */,
				70E4F8B126E3F05500097325 /* LaunchScreen.storyboard */,
				70E4F8B426E3F05500097325 /* Info.plist */,
				70E4F8AC26E3F05500097325 /* HistoriX.xcdatamodeld */,
			);
			path = HistoriX;
			sourceTree = "<group>";
		};
/* End PBXGroup section */

/* Begin PBXNativeTarget section */
		70E4F89F26E3F05500097325 /* HistoriX */ = {
			isa = PBXNativeTarget;
			buildConfigurationList = 70E4F8B726E3F05500097325 /* Build configuration list for PBXNativeTarget "HistoriX" */;
			buildPhases = (
				70E4F89C26E3F05500097325 /* Sources */,
				70E4F89D26E3F05500097325 /* Frameworks */,
				70E4F89E26E3F05500097325 /* Resources */,
			);
			buildRules = (
			);
			dependencies = (
			);
			name = HistoriX;
			productName = HistoriX;
			productReference = 70E4F8A026E3F05500097325 /* HistoriX.app */;
			productType = "com.apple.product-type.application";
		};
/* End PBXNativeTarget section */

/* Begin PBXProject section */
		70E4F89826E3F05500097325 /* Project object */ = {
			isa = PBXProject;
			attributes = {
				LastSwiftUpdateCheck = 1250;
				LastUpgradeCheck = 1250;
				TargetAttributes = {
					70E4F89F26E3F05500097325 = {
						CreatedOnToolsVersion = 12.5;
					};
				};
			};
			buildConfigurationList = 70E4F89B26E3F05500097325 /* Build configuration list for PBXProject "HistoriX" */;
			compatibilityVersion = "Xcode 9.3";
			developmentRegion = en;
			hasScannedForEncodings = 0;
			knownRegions = (
				en,
				Base,
			);
			mainGroup = 70E4F89726E3F05500097325;
			productRefGroup = 70E4F8A126E3F05500097325 /* Products */;
			projectDirPath = "";
			projectRoot = "";
			targets = (
				70E4F89F26E3F05500097325 /* HistoriX */,
			);
		};
/* End PBXProject section */

/* Begin PBXResourcesBuildPhase section */
		70E4F89E26E3F05500097325 /* Resources */ = {
			isa = PBXResourcesBuildPhase;
			buildActionMask = 2147483647;
			files = (
				70E4F8B326E3F05500097325 /* LaunchScreen.storyboard in Resources */,
				70E4F8B026E3F05500097325 /* Assets.xcassets in Resources */,
			);
			runOnlyForDeploymentPostprocessing = 0;
		};
/* End PBXResourcesBuildPhase section */

/* Begin PBXSourcesBuildPhase section */
		70E4F89C26E3F05500097325 /* Sources */ = {
			isa = PBXSourcesBuildPhase;
			buildActionMask = 2147483647;
			files = (
				70B36C0626E939E400BD55E3 /* ServiceClientProtocol.swift in Sources */,
				70B36C0826E93B3C00BD55E3 /* NetworkLog.swift in Sources */,
				70E4F8A426E3F05500097325 /* AppDelegate.swift in Sources */,
				70B36BFA26E9376B00BD55E3 /* HistoryError.swift in Sources */,
				70D0BC7826E3F14000897726 /* UIColor+Ext.swift in Sources */,
				702858B726E4976C00C94FDC /* HTableViewCell.swift in Sources */,
				70B36C0126E9389400BD55E3 /* HTTPHeader.swift in Sources */,
				70B36C0E26E93DA000BD55E3 /* ServiceClient.swift in Sources */,
				70E4F8A626E3F05500097325 /* SceneDelegate.swift in Sources */,
				702858AF26E493C100C94FDC /* HistoryListVC.swift in Sources */,
				70B36C0326E9399E00BD55E3 /* ParameterEncoding.swift in Sources */,
				70B36BF226E936C200BD55E3 /* HistoryModel.swift in Sources */,
				702858B426E495A000C94FDC /* UIView+Ext.swift in Sources */,
				70E4F8AE26E3F05500097325 /* HistoriX.xcdatamodeld in Sources */,
				70B36BF726E9372E00BD55E3 /* HTTPStatus.swift in Sources */,
				70B36BF526E9370000BD55E3 /* HTTPMethod.swift in Sources */,
				70B36BEF26E9362300BD55E3 /* UITableView+Ext.swift in Sources */,
				70B36BFF26E9383800BD55E3 /* RouterProtocol.swift in Sources */,
				703FD57E26E49CFD0077C764 /* AlertService.swift in Sources */,
				702858B226E4953700C94FDC /* Constants.swift in Sources */,
				70B36C0B26E93C7600BD55E3 /* DateService.swift in Sources */,
			);
			runOnlyForDeploymentPostprocessing = 0;
		};
/* End PBXSourcesBuildPhase section */

/* Begin PBXVariantGroup section */
		70E4F8B126E3F05500097325 /* LaunchScreen.storyboard */ = {
			isa = PBXVariantGroup;
			children = (
				70E4F8B226E3F05500097325 /* Base */,
			);
			name = LaunchScreen.storyboard;
			sourceTree = "<group>";
		};
/* End PBXVariantGroup section */

/* Begin XCBuildConfiguration section */
		70E4F8B526E3F05500097325 /* Debug */ = {
			isa = XCBuildConfiguration;
			buildSettings = {
				ALWAYS_SEARCH_USER_PATHS = NO;
				CLANG_ANALYZER_NONNULL = YES;
				CLANG_ANALYZER_NUMBER_OBJECT_CONVERSION = YES_AGGRESSIVE;
				CLANG_CXX_LANGUAGE_STANDARD = "gnu++14";
				CLANG_CXX_LIBRARY = "libc++";
				CLANG_ENABLE_MODULES = YES;
				CLANG_ENABLE_OBJC_ARC = YES;
				CLANG_ENABLE_OBJC_WEAK = YES;
				CLANG_WARN_BLOCK_CAPTURE_AUTORELEASING = YES;
				CLANG_WARN_BOOL_CONVERSION = YES;
				CLANG_WARN_COMMA = YES;
				CLANG_WARN_CONSTANT_CONVERSION = YES;
				CLANG_WARN_DEPRECATED_OBJC_IMPLEMENTATIONS = YES;
				CLANG_WARN_DIRECT_OBJC_ISA_USAGE = YES_ERROR;
				CLANG_WARN_DOCUMENTATION_COMMENTS = YES;
				CLANG_WARN_EMPTY_BODY = YES;
				CLANG_WARN_ENUM_CONVERSION = YES;
				CLANG_WARN_INFINITE_RECURSION = YES;
				CLANG_WARN_INT_CONVERSION = YES;
				CLANG_WARN_NON_LITERAL_NULL_CONVERSION = YES;
				CLANG_WARN_OBJC_IMPLICIT_RETAIN_SELF = YES;
				CLANG_WARN_OBJC_LITERAL_CONVERSION = YES;
				CLANG_WARN_OBJC_ROOT_CLASS = YES_ERROR;
				CLANG_WARN_QUOTED_INCLUDE_IN_FRAMEWORK_HEADER = YES;
				CLANG_WARN_RANGE_LOOP_ANALYSIS = YES;
				CLANG_WARN_STRICT_PROTOTYPES = YES;
				CLANG_WARN_SUSPICIOUS_MOVE = YES;
				CLANG_WARN_UNGUARDED_AVAILABILITY = YES_AGGRESSIVE;
				CLANG_WARN_UNREACHABLE_CODE = YES;
				CLANG_WARN__DUPLICATE_METHOD_MATCH = YES;
				COPY_PHASE_STRIP = NO;
				DEBUG_INFORMATION_FORMAT = dwarf;
				ENABLE_STRICT_OBJC_MSGSEND = YES;
				ENABLE_TESTABILITY = YES;
				GCC_C_LANGUAGE_STANDARD = gnu11;
				GCC_DYNAMIC_NO_PIC = NO;
				GCC_NO_COMMON_BLOCKS = YES;
				GCC_OPTIMIZATION_LEVEL = 0;
				GCC_PREPROCESSOR_DEFINITIONS = (
					"DEBUG=1",
					"$(inherited)",
				);
				GCC_WARN_64_TO_32_BIT_CONVERSION = YES;
				GCC_WARN_ABOUT_RETURN_TYPE = YES_ERROR;
				GCC_WARN_UNDECLARED_SELECTOR = YES;
				GCC_WARN_UNINITIALIZED_AUTOS = YES_AGGRESSIVE;
				GCC_WARN_UNUSED_FUNCTION = YES;
				GCC_WARN_UNUSED_VARIABLE = YES;
				IPHONEOS_DEPLOYMENT_TARGET = 14.5;
				MTL_ENABLE_DEBUG_INFO = INCLUDE_SOURCE;
				MTL_FAST_MATH = YES;
				ONLY_ACTIVE_ARCH = YES;
				SDKROOT = iphoneos;
				SWIFT_ACTIVE_COMPILATION_CONDITIONS = DEBUG;
				SWIFT_OPTIMIZATION_LEVEL = "-Onone";
			};
			name = Debug;
		};
		70E4F8B626E3F05500097325 /* Release */ = {
			isa = XCBuildConfiguration;
			buildSettings = {
				ALWAYS_SEARCH_USER_PATHS = NO;
				CLANG_ANALYZER_NONNULL = YES;
				CLANG_ANALYZER_NUMBER_OBJECT_CONVERSION = YES_AGGRESSIVE;
				CLANG_CXX_LANGUAGE_STANDARD = "gnu++14";
				CLANG_CXX_LIBRARY = "libc++";
				CLANG_ENABLE_MODULES = YES;
				CLANG_ENABLE_OBJC_ARC = YES;
				CLANG_ENABLE_OBJC_WEAK = YES;
				CLANG_WARN_BLOCK_CAPTURE_AUTORELEASING = YES;
				CLANG_WARN_BOOL_CONVERSION = YES;
				CLANG_WARN_COMMA = YES;
				CLANG_WARN_CONSTANT_CONVERSION = YES;
				CLANG_WARN_DEPRECATED_OBJC_IMPLEMENTATIONS = YES;
				CLANG_WARN_DIRECT_OBJC_ISA_USAGE = YES_ERROR;
				CLANG_WARN_DOCUMENTATION_COMMENTS = YES;
				CLANG_WARN_EMPTY_BODY = YES;
				CLANG_WARN_ENUM_CONVERSION = YES;
				CLANG_WARN_INFINITE_RECURSION = YES;
				CLANG_WARN_INT_CONVERSION = YES;
				CLANG_WARN_NON_LITERAL_NULL_CONVERSION = YES;
				CLANG_WARN_OBJC_IMPLICIT_RETAIN_SELF = YES;
				CLANG_WARN_OBJC_LITERAL_CONVERSION = YES;
				CLANG_WARN_OBJC_ROOT_CLASS = YES_ERROR;
				CLANG_WARN_QUOTED_INCLUDE_IN_FRAMEWORK_HEADER = YES;
				CLANG_WARN_RANGE_LOOP_ANALYSIS = YES;
				CLANG_WARN_STRICT_PROTOTYPES = YES;
				CLANG_WARN_SUSPICIOUS_MOVE = YES;
				CLANG_WARN_UNGUARDED_AVAILABILITY = YES_AGGRESSIVE;
				CLANG_WARN_UNREACHABLE_CODE = YES;
				CLANG_WARN__DUPLICATE_METHOD_MATCH = YES;
				COPY_PHASE_STRIP = NO;
				DEBUG_INFORMATION_FORMAT = "dwarf-with-dsym";
				ENABLE_NS_ASSERTIONS = NO;
				ENABLE_STRICT_OBJC_MSGSEND = YES;
				GCC_C_LANGUAGE_STANDARD = gnu11;
				GCC_NO_COMMON_BLOCKS = YES;
				GCC_WARN_64_TO_32_BIT_CONVERSION = YES;
				GCC_WARN_ABOUT_RETURN_TYPE = YES_ERROR;
				GCC_WARN_UNDECLARED_SELECTOR = YES;
				GCC_WARN_UNINITIALIZED_AUTOS = YES_AGGRESSIVE;
				GCC_WARN_UNUSED_FUNCTION = YES;
				GCC_WARN_UNUSED_VARIABLE = YES;
				IPHONEOS_DEPLOYMENT_TARGET = 14.5;
				MTL_ENABLE_DEBUG_INFO = NO;
				MTL_FAST_MATH = YES;
				SDKROOT = iphoneos;
				SWIFT_COMPILATION_MODE = wholemodule;
				SWIFT_OPTIMIZATION_LEVEL = "-O";
				VALIDATE_PRODUCT = YES;
			};
			name = Release;
		};
		70E4F8B826E3F05500097325 /* Debug */ = {
			isa = XCBuildConfiguration;
			buildSettings = {
				ASSETCATALOG_COMPILER_APPICON_NAME = AppIcon;
				ASSETCATALOG_COMPILER_GLOBAL_ACCENT_COLOR_NAME = AccentColor;
				CODE_SIGN_STYLE = Automatic;
				DEVELOPMENT_TEAM = C7UJQJ2BAR;
				INFOPLIST_FILE = HistoriX/Info.plist;
				LD_RUNPATH_SEARCH_PATHS = (
					"$(inherited)",
					"@executable_path/Frameworks",
				);
				PRODUCT_BUNDLE_IDENTIFIER = com.furkanhanci.HistoriX;
				PRODUCT_NAME = "$(TARGET_NAME)";
				SWIFT_VERSION = 5.0;
				TARGETED_DEVICE_FAMILY = "1,2";
			};
			name = Debug;
		};
		70E4F8B926E3F05500097325 /* Release */ = {
			isa = XCBuildConfiguration;
			buildSettings = {
				ASSETCATALOG_COMPILER_APPICON_NAME = AppIcon;
				ASSETCATALOG_COMPILER_GLOBAL_ACCENT_COLOR_NAME = AccentColor;
				CODE_SIGN_STYLE = Automatic;
				DEVELOPMENT_TEAM = C7UJQJ2BAR;
				INFOPLIST_FILE = HistoriX/Info.plist;
				LD_RUNPATH_SEARCH_PATHS = (
					"$(inherited)",
					"@executable_path/Frameworks",
				);
				PRODUCT_BUNDLE_IDENTIFIER = com.furkanhanci.HistoriX;
				PRODUCT_NAME = "$(TARGET_NAME)";
				SWIFT_VERSION = 5.0;
				TARGETED_DEVICE_FAMILY = "1,2";
			};
			name = Release;
		};
/* End XCBuildConfiguration section */

/* Begin XCConfigurationList section */
		70E4F89B26E3F05500097325 /* Build configuration list for PBXProject "HistoriX" */ = {
			isa = XCConfigurationList;
			buildConfigurations = (
				70E4F8B526E3F05500097325 /* Debug */,
				70E4F8B626E3F05500097325 /* Release */,
			);
			defaultConfigurationIsVisible = 0;
			defaultConfigurationName = Release;
		};
		70E4F8B726E3F05500097325 /* Build configuration list for PBXNativeTarget "HistoriX" */ = {
			isa = XCConfigurationList;
			buildConfigurations = (
				70E4F8B826E3F05500097325 /* Debug */,
				70E4F8B926E3F05500097325 /* Release */,
			);
			defaultConfigurationIsVisible = 0;
			defaultConfigurationName = Release;
		};
/* End XCConfigurationList section */

/* Begin XCVersionGroup section */
		70E4F8AC26E3F05500097325 /* HistoriX.xcdatamodeld */ = {
			isa = XCVersionGroup;
			children = (
				70E4F8AD26E3F05500097325 /* HistoriX.xcdatamodel */,
			);
			currentVersion = 70E4F8AD26E3F05500097325 /* HistoriX.xcdatamodel */;
			path = HistoriX.xcdatamodeld;
			sourceTree = "<group>";
			versionGroupType = wrapper.xcdatamodel;
		};
/* End XCVersionGroup section */
	};
	rootObject = 70E4F89826E3F05500097325 /* Project object */;
}
